<?xml version="1.0" encoding="utf-8"?>
<Project ToolsVersion="4.0" xmlns="http://schemas.microsoft.com/developer/msbuild/2003">
  <ItemGroup>
    <Filter Include="ThirdParty">
      <UniqueIdentifier>{105281f8-31da-4c21-bcef-c289f6c19508}</UniqueIdentifier>
    </Filter>
    <Filter Include="ThirdParty\ImGuiGlfw">
      <UniqueIdentifier>{875fe693-579a-4465-ba7a-ed3c52075509}</UniqueIdentifier>
    </Filter>
    <Filter Include="ThirdParty\ImGuiGlfw\Headers">
      <UniqueIdentifier>{3bd9f99c-c704-439f-ad4e-1713b59952a8}</UniqueIdentifier>
    </Filter>
    <Filter Include="ThirdParty\ImGuiGlfw\Source">
      <UniqueIdentifier>{bd8fd5c1-eb8d-4b1e-a577-08230aa595d7}</UniqueIdentifier>
    </Filter>
    <Filter Include="Code">
      <UniqueIdentifier>{77d7eaf7-cc23-4f6b-abaa-d52cb9b42b11}</UniqueIdentifier>
    </Filter>
    <Filter Include="Code\Graphics">
      <UniqueIdentifier>{ac5b95c0-c344-40a4-af9f-775067dc6060}</UniqueIdentifier>
    </Filter>
    <Filter Include="Code\Graphics\Shader">
      <UniqueIdentifier>{ed3d276a-d245-467a-9a6f-9894d05b9158}</UniqueIdentifier>
    </Filter>
    <Filter Include="Code\Logging">
      <UniqueIdentifier>{843ec343-ac42-4013-8742-26bcb7b13cb8}</UniqueIdentifier>
    </Filter>
    <Filter Include="Code\Utility">
      <UniqueIdentifier>{34432ed7-b184-450c-b8e5-235e80565216}</UniqueIdentifier>
    </Filter>
    <Filter Include="Code\Utility\ReactValue">
      <UniqueIdentifier>{f0dcbb3c-8d44-4101-b6e4-7e3f633bfc7f}</UniqueIdentifier>
    </Filter>
    <Filter Include="Code\Utility\DI">
      <UniqueIdentifier>{a64977e4-cd30-40d8-a96f-c9f361b8ccd1}</UniqueIdentifier>
    </Filter>
    <Filter Include="Shaders">
      <UniqueIdentifier>{084edefc-420f-4949-8502-8caa2a0c4844}</UniqueIdentifier>
    </Filter>
    <Filter Include="Code\ParticleSystem">
      <UniqueIdentifier>{420e71b5-74bc-49bd-b1e1-ad2dd0c4ee82}</UniqueIdentifier>
    </Filter>
    <Filter Include="Code\Utility\Random">
      <UniqueIdentifier>{e453d480-db08-4470-96af-42d0221cb11f}</UniqueIdentifier>
    </Filter>
    <Filter Include="Code\ParticleSystem\Particle">
      <UniqueIdentifier>{15ff7536-7755-4b46-813c-6ed8e6e65a22}</UniqueIdentifier>
    </Filter>
    <Filter Include="Code\Utility\Math">
      <UniqueIdentifier>{7a039c8b-a8bb-48e6-90f5-690dadd02a41}</UniqueIdentifier>
    </Filter>
    <Filter Include="Code\Application">
      <UniqueIdentifier>{a9f4c60c-beb1-49ed-a1db-779c2780cb60}</UniqueIdentifier>
    </Filter>
    <Filter Include="Code\Windows">
      <UniqueIdentifier>{d60f24c6-9dec-4784-9ae3-dac38f5af66d}</UniqueIdentifier>
    </Filter>
    <Filter Include="Code\Windows\LogConsole">
      <UniqueIdentifier>{3d9a0336-456a-4403-b7f9-78fd93bcd0cb}</UniqueIdentifier>
    </Filter>
    <Filter Include="Code\Windows\Inspector">
      <UniqueIdentifier>{5bee808b-c15b-49c0-af53-31a924b50f71}</UniqueIdentifier>
    </Filter>
    <Filter Include="Code\Utility\Time">
      <UniqueIdentifier>{afc2b38b-0b84-48c0-9aee-7318e1dad085}</UniqueIdentifier>
    </Filter>
  </ItemGroup>
  <ItemGroup>
    <ClCompile Include="libs\imgui\imgui.cpp">
      <Filter>ThirdParty\ImGuiGlfw\Source</Filter>
    </ClCompile>
    <ClCompile Include="libs\imgui\imgui_demo.cpp">
      <Filter>ThirdParty\ImGuiGlfw\Source</Filter>
    </ClCompile>
    <ClCompile Include="libs\imgui\imgui_draw.cpp">
      <Filter>ThirdParty\ImGuiGlfw\Source</Filter>
    </ClCompile>
    <ClCompile Include="libs\imgui\imgui_tables.cpp">
      <Filter>ThirdParty\ImGuiGlfw\Source</Filter>
    </ClCompile>
    <ClCompile Include="libs\imgui\imgui_widgets.cpp">
      <Filter>ThirdParty\ImGuiGlfw\Source</Filter>
    </ClCompile>
    <ClCompile Include="libs\imgui\imgui_impl_glfw.cpp">
      <Filter>ThirdParty\ImGuiGlfw\Source</Filter>
    </ClCompile>
    <ClCompile Include="libs\imgui\imgui_impl_opengl3.cpp">
      <Filter>ThirdParty\ImGuiGlfw\Source</Filter>
    </ClCompile>
    <ClCompile Include="main.cpp" />
    <ClCompile Include="code\rendering\shaders\Shader.cpp">
      <Filter>Code\Graphics\Shader</Filter>
    </ClCompile>
    <ClCompile Include="libs\glad\src\glad.c">
      <Filter>ThirdParty</Filter>
    </ClCompile>
    <ClCompile Include="code\logging\Logger.cpp">
      <Filter>Code\Logging</Filter>
    </ClCompile>
    <ClCompile Include="code\utility\di\Di.cpp">
      <Filter>Code\Utility\DI</Filter>
    </ClCompile>
    <ClCompile Include="code\particleSystem\ParticleSystem.cpp">
      <Filter>Code\ParticleSystem</Filter>
    </ClCompile>
    <ClCompile Include="code\utility\reactValue\ReactValue.cpp">
      <Filter>Code\Utility\ReactValue</Filter>
    </ClCompile>
    <ClCompile Include="code\editor\windows\console\LogConsole.cpp">
      <Filter>Code\Windows\LogConsole</Filter>
    </ClCompile>
    <ClCompile Include="code\utility\time\Time.cpp">
      <Filter>Code\Utility\Time</Filter>
    </ClCompile>
    <ClCompile Include="code\utility\random\Random.cpp">
      <Filter>Code\Utility\Random</Filter>
    </ClCompile>
    <ClCompile Include="code\editor\windows\inspector\Inspector.cpp">
      <Filter>Code\Windows\Inspector</Filter>
    </ClCompile>
    <ClCompile Include="code\particleSystem\particle\Particle.cpp">
      <Filter>Code\ParticleSystem\Particle</Filter>
    </ClCompile>
    <ClCompile Include="code\application\Application.cpp">
      <Filter>Code\Application</Filter>
    </ClCompile>
    <ClCompile Include="code\application\Scene.cpp">
      <Filter>Code\Application</Filter>
    </ClCompile>
    <ClCompile Include="code\editor\Editor.cpp">
      <Filter>Code\Application</Filter>
    </ClCompile>
    <ClCompile Include="code\application\AppRuntime.cpp">
      <Filter>Code\Application</Filter>
    </ClCompile>
    <ClCompile Include="code\editor\windows\statusDisplay\StatusDisplay.cpp" />
    <ClCompile Include="code\utility\ImguiStyles.cpp" />
    <ClCompile Include="code\particleSystem\ParticlesEmitter.cpp" />
    <ClCompile Include="code\particleSystem\ParticleSettings.cpp" />
    <ClCompile Include="code\editor\windows\presetsWindow\PresetsWindow.cpp" />
  </ItemGroup>
  <ItemGroup>
    <ClInclude Include="libs\imgui\imconfig.h">
      <Filter>ThirdParty\ImGuiGlfw\Headers</Filter>
    </ClInclude>
    <ClInclude Include="libs\imgui\imgui.h">
      <Filter>ThirdParty\ImGuiGlfw\Headers</Filter>
    </ClInclude>
    <ClInclude Include="libs\imgui\imgui_internal.h">
      <Filter>ThirdParty\ImGuiGlfw\Headers</Filter>
    </ClInclude>
    <ClInclude Include="libs\imgui\imstb_rectpack.h">
      <Filter>ThirdParty\ImGuiGlfw\Headers</Filter>
    </ClInclude>
    <ClInclude Include="libs\imgui\imstb_textedit.h">
      <Filter>ThirdParty\ImGuiGlfw\Headers</Filter>
    </ClInclude>
    <ClInclude Include="libs\imgui\imstb_truetype.h">
      <Filter>ThirdParty\ImGuiGlfw\Headers</Filter>
    </ClInclude>
    <ClInclude Include="libs\imgui\imgui_impl_glfw.h">
      <Filter>ThirdParty\ImGuiGlfw\Headers</Filter>
    </ClInclude>
    <ClInclude Include="libs\imgui\imgui_impl_opengl3.h">
      <Filter>ThirdParty\ImGuiGlfw\Headers</Filter>
    </ClInclude>
    <ClInclude Include="libs\imgui\imgui_impl_opengl3_loader.h">
      <Filter>ThirdParty\ImGuiGlfw\Headers</Filter>
    </ClInclude>
    <ClInclude Include="code\rendering\Vertex.h">
      <Filter>Code\Graphics</Filter>
    </ClInclude>
    <ClInclude Include="code\rendering\Triangle.h">
      <Filter>Code\Graphics</Filter>
    </ClInclude>
    <ClInclude Include="code\rendering\Mesh.h">
      <Filter>Code\Graphics</Filter>
    </ClInclude>
    <ClInclude Include="code\rendering\shaders\Shader.h">
      <Filter>Code\Graphics\Shader</Filter>
    </ClInclude>
    <ClInclude Include="code\logging\Logger.h">
      <Filter>Code\Logging</Filter>
    </ClInclude>
    <ClInclude Include="code\utility\di\Di.h">
      <Filter>Code\Utility\DI</Filter>
    </ClInclude>
    <ClInclude Include="code\particleSystem\ParticleSystem.h">
      <Filter>Code\ParticleSystem</Filter>
    </ClInclude>
    <ClInclude Include="code\utility\reactValue\ReactValue.h">
      <Filter>Code\Utility\ReactValue</Filter>
    </ClInclude>
    <ClInclude Include="code\editor\windows\console\LogConsole.h">
      <Filter>Code\Windows\LogConsole</Filter>
    </ClInclude>
    <ClInclude Include="shaders\ShadersList.h">
      <Filter>Shaders</Filter>
    </ClInclude>
    <ClInclude Include="code\utility\time\Time.h">
      <Filter>Code\Utility\Time</Filter>
    </ClInclude>
    <ClInclude Include="code\utility\random\Random.h">
      <Filter>Code\Utility\Random</Filter>
    </ClInclude>
    <ClInclude Include="code\editor\windows\inspector\Inspector.h">
      <Filter>Code\Windows\Inspector</Filter>
    </ClInclude>
    <ClInclude Include="code\particleSystem\particle\Particle.h">
      <Filter>Code\ParticleSystem\Particle</Filter>
    </ClInclude>
    <ClInclude Include="code\particleSystem\ParticleSettings.h">
      <Filter>Code\ParticleSystem\Particle</Filter>
    </ClInclude>
    <ClInclude Include="code\utility\math\Math.h">
      <Filter>Code\Utility\Math</Filter>
    </ClInclude>
    <ClInclude Include="code\application\AppRuntime.h">
      <Filter>Code\Application</Filter>
    </ClInclude>
    <ClInclude Include="code\application\Application.h">
      <Filter>Code\Application</Filter>
    </ClInclude>
    <ClInclude Include="code\editor\Editor.h">
      <Filter>Code\Application</Filter>
    </ClInclude>
    <ClInclude Include="code\application\Scene.h">
      <Filter>Code\Application</Filter>
    </ClInclude>
    <ClInclude Include="code\editor\windows\statusDisplay\StatusDisplay.h" />
    <ClInclude Include="code\utility\ImguiStyles.h" />
    <ClInclude Include="code\particleSystem\ParticlesEmitter.h" />
    <ClInclude Include="code\editor\windows\presetsWindow\PresetsWindow.h" />
  </ItemGroup>
  <ItemGroup>
    <None Include="shaders\Default.vert">
      <Filter>Shaders</Filter>
    </None>
    <None Include="shaders\Default.frag">
      <Filter>Shaders</Filter>
    </None>
  </ItemGroup>
  <ItemGroup>
    <Text Include="todo.txt" />
  </ItemGroup>
  <ItemGroup>
    <Font Include="fonts\Roboto-Bold.ttf" />
    <Font Include="fonts\Roboto-Light.ttf" />
    <Font Include="fonts\Roboto-Regular.ttf" />
    <Font Include="fonts\Roboto-Medium.ttf" />
  </ItemGroup>
</Project>